// !$*UTF8*$!
{
	archiveVersion = 1;
	classes = {
	};
	objectVersion = 46;
	objects = {

/* Begin PBXBuildFile section */
		20F49C54A77AA78EC97D9EF0 /* libPods.a in Frameworks */ = {isa = PBXBuildFile; fileRef = 0E93020476827AE31D601D13 /* libPods.a */; };
		C70128441A65CDD900101467 /* OrdersTV.swift in Sources */ = {isa = PBXBuildFile; fileRef = C70128431A65CDD900101467 /* OrdersTV.swift */; };
		C70128461A65CF9B00101467 /* FufilledTV.swift in Sources */ = {isa = PBXBuildFile; fileRef = C70128451A65CF9B00101467 /* FufilledTV.swift */; };
		C701284B1A65DEE900101467 /* TabBarController.swift in Sources */ = {isa = PBXBuildFile; fileRef = C701284A1A65DEE900101467 /* TabBarController.swift */; };
		C706D0091A63A08400E06116 /* AppDelegate.swift in Sources */ = {isa = PBXBuildFile; fileRef = C706D0081A63A08400E06116 /* AppDelegate.swift */; };
		C706D00B1A63A08400E06116 /* FirstViewController.swift in Sources */ = {isa = PBXBuildFile; fileRef = C706D00A1A63A08400E06116 /* FirstViewController.swift */; };
		C706D0101A63A08400E06116 /* Main.storyboard in Resources */ = {isa = PBXBuildFile; fileRef = C706D00E1A63A08400E06116 /* Main.storyboard */; };
		C706D0121A63A08400E06116 /* Images.xcassets in Resources */ = {isa = PBXBuildFile; fileRef = C706D0111A63A08400E06116 /* Images.xcassets */; };
		C706D0151A63A08400E06116 /* LaunchScreen.xib in Resources */ = {isa = PBXBuildFile; fileRef = C706D0131A63A08400E06116 /* LaunchScreen.xib */; };
		C706D0211A63A08400E06116 /* retailAppTests.swift in Sources */ = {isa = PBXBuildFile; fileRef = C706D0201A63A08400E06116 /* retailAppTests.swift */; };
		C706D02B1A63A89500E06116 /* empty.png in Resources */ = {isa = PBXBuildFile; fileRef = C706D02A1A63A89500E06116 /* empty.png */; };
		C706D0381A63C78B00E06116 /* Montserrat-Regular.ttf in Resources */ = {isa = PBXBuildFile; fileRef = C706D0371A63C40E00E06116 /* Montserrat-Regular.ttf */; };
		C7118B5A1A64DEA00079F42E /* GenericTableView.swift in Sources */ = {isa = PBXBuildFile; fileRef = C7118B591A64DEA00079F42E /* GenericTableView.swift */; };
		C7118B681A64E46D0079F42E /* Bus.png in Resources */ = {isa = PBXBuildFile; fileRef = C7118B5D1A64E46D0079F42E /* Bus.png */; };
		C7118B691A64E46D0079F42E /* Helicopter.png in Resources */ = {isa = PBXBuildFile; fileRef = C7118B5E1A64E46D0079F42E /* Helicopter.png */; };
		C7118B6A1A64E46D0079F42E /* Truck.png in Resources */ = {isa = PBXBuildFile; fileRef = C7118B5F1A64E46D0079F42E /* Truck.png */; };
		C7118B6B1A64E46D0079F42E /* Boat.png in Resources */ = {isa = PBXBuildFile; fileRef = C7118B601A64E46D0079F42E /* Boat.png */; };
		C7118B6C1A64E46D0079F42E /* Bicycle.png in Resources */ = {isa = PBXBuildFile; fileRef = C7118B611A64E46D0079F42E /* Bicycle.png */; };
		C7118B6D1A64E46D0079F42E /* Motorcycle.png in Resources */ = {isa = PBXBuildFile; fileRef = C7118B621A64E46D0079F42E /* Motorcycle.png */; };
		C7118B6E1A64E46D0079F42E /* Plane.png in Resources */ = {isa = PBXBuildFile; fileRef = C7118B631A64E46D0079F42E /* Plane.png */; };
		C7118B6F1A64E46D0079F42E /* Train.png in Resources */ = {isa = PBXBuildFile; fileRef = C7118B641A64E46D0079F42E /* Train.png */; };
		C7118B701A64E46D0079F42E /* Car.png in Resources */ = {isa = PBXBuildFile; fileRef = C7118B651A64E46D0079F42E /* Car.png */; };
		C7118B711A64E46D0079F42E /* Scooter.png in Resources */ = {isa = PBXBuildFile; fileRef = C7118B661A64E46D0079F42E /* Scooter.png */; };
		C7118B721A64E46D0079F42E /* Caravan.png in Resources */ = {isa = PBXBuildFile; fileRef = C7118B671A64E46D0079F42E /* Caravan.png */; };
		C71DE89D1A663DB200CE2E75 /* UserOverview.swift in Sources */ = {isa = PBXBuildFile; fileRef = C71DE89C1A663DB200CE2E75 /* UserOverview.swift */; };
		C71DE89F1A663DBF00CE2E75 /* UserOverview.xib in Resources */ = {isa = PBXBuildFile; fileRef = C71DE89E1A663DBF00CE2E75 /* UserOverview.xib */; };
		C736B88A1A64842200CBC1C9 /* StyleManager.swift in Sources */ = {isa = PBXBuildFile; fileRef = C736B8891A64842200CBC1C9 /* StyleManager.swift */; };
		C742438B1A64FB9B00EC66F9 /* TableViewCell.swift in Sources */ = {isa = PBXBuildFile; fileRef = C742438A1A64FB9B00EC66F9 /* TableViewCell.swift */; };
		E4215F28CEF7F5FA8BE81B47 /* libPods.a in Frameworks */ = {isa = PBXBuildFile; fileRef = 0E93020476827AE31D601D13 /* libPods.a */; };
/* End PBXBuildFile section */

/* Begin PBXContainerItemProxy section */
		C706D01B1A63A08400E06116 /* PBXContainerItemProxy */ = {
			isa = PBXContainerItemProxy;
			containerPortal = C706CFFB1A63A08400E06116 /* Project object */;
			proxyType = 1;
			remoteGlobalIDString = C706D0021A63A08400E06116;
			remoteInfo = retailApp;
		};
/* End PBXContainerItemProxy section */

/* Begin PBXFileReference section */
		0E93020476827AE31D601D13 /* libPods.a */ = {isa = PBXFileReference; explicitFileType = archive.ar; includeInIndex = 0; path = libPods.a; sourceTree = BUILT_PRODUCTS_DIR; };
		4C17208C5C38D5AD82189A3A /* Pods.debug.xcconfig */ = {isa = PBXFileReference; includeInIndex = 1; lastKnownFileType = text.xcconfig; name = Pods.debug.xcconfig; path = "Pods/Target Support Files/Pods/Pods.debug.xcconfig"; sourceTree = "<group>"; };
		C70128431A65CDD900101467 /* OrdersTV.swift */ = {isa = PBXFileReference; fileEncoding = 4; lastKnownFileType = sourcecode.swift; path = OrdersTV.swift; sourceTree = "<group>"; };
		C70128451A65CF9B00101467 /* FufilledTV.swift */ = {isa = PBXFileReference; fileEncoding = 4; lastKnownFileType = sourcecode.swift; path = FufilledTV.swift; sourceTree = "<group>"; };
		C701284A1A65DEE900101467 /* TabBarController.swift */ = {isa = PBXFileReference; fileEncoding = 4; lastKnownFileType = sourcecode.swift; path = TabBarController.swift; sourceTree = "<group>"; };
		C706D0031A63A08400E06116 /* retailApp.app */ = {isa = PBXFileReference; explicitFileType = wrapper.application; includeInIndex = 0; path = retailApp.app; sourceTree = BUILT_PRODUCTS_DIR; };
		C706D0071A63A08400E06116 /* Info.plist */ = {isa = PBXFileReference; lastKnownFileType = text.plist.xml; path = Info.plist; sourceTree = "<group>"; };
		C706D0081A63A08400E06116 /* AppDelegate.swift */ = {isa = PBXFileReference; lastKnownFileType = sourcecode.swift; path = AppDelegate.swift; sourceTree = "<group>"; };
		C706D00A1A63A08400E06116 /* FirstViewController.swift */ = {isa = PBXFileReference; lastKnownFileType = sourcecode.swift; path = FirstViewController.swift; sourceTree = "<group>"; };
		C706D00F1A63A08400E06116 /* Base */ = {isa = PBXFileReference; lastKnownFileType = file.storyboard; name = Base; path = Base.lproj/Main.storyboard; sourceTree = "<group>"; };
		C706D0111A63A08400E06116 /* Images.xcassets */ = {isa = PBXFileReference; lastKnownFileType = folder.assetcatalog; path = Images.xcassets; sourceTree = "<group>"; };
		C706D0141A63A08400E06116 /* Base */ = {isa = PBXFileReference; lastKnownFileType = file.xib; name = Base; path = Base.lproj/LaunchScreen.xib; sourceTree = "<group>"; };
		C706D01A1A63A08400E06116 /* retailAppTests.xctest */ = {isa = PBXFileReference; explicitFileType = wrapper.cfbundle; includeInIndex = 0; path = retailAppTests.xctest; sourceTree = BUILT_PRODUCTS_DIR; };
		C706D01F1A63A08400E06116 /* Info.plist */ = {isa = PBXFileReference; lastKnownFileType = text.plist.xml; path = Info.plist; sourceTree = "<group>"; };
		C706D0201A63A08400E06116 /* retailAppTests.swift */ = {isa = PBXFileReference; lastKnownFileType = sourcecode.swift; path = retailAppTests.swift; sourceTree = "<group>"; };
		C706D02A1A63A89500E06116 /* empty.png */ = {isa = PBXFileReference; lastKnownFileType = image.png; path = empty.png; sourceTree = "<group>"; };
		C706D02C1A63AFDB00E06116 /* retailApp-Bridging-Header.h */ = {isa = PBXFileReference; lastKnownFileType = sourcecode.c.h; path = "retailApp-Bridging-Header.h"; sourceTree = "<group>"; };
		C706D0371A63C40E00E06116 /* Montserrat-Regular.ttf */ = {isa = PBXFileReference; lastKnownFileType = file; path = "Montserrat-Regular.ttf"; sourceTree = "<group>"; };
		C7118B591A64DEA00079F42E /* GenericTableView.swift */ = {isa = PBXFileReference; fileEncoding = 4; lastKnownFileType = sourcecode.swift; path = GenericTableView.swift; sourceTree = "<group>"; };
		C7118B5D1A64E46D0079F42E /* Bus.png */ = {isa = PBXFileReference; lastKnownFileType = image.png; path = Bus.png; sourceTree = "<group>"; };
		C7118B5E1A64E46D0079F42E /* Helicopter.png */ = {isa = PBXFileReference; lastKnownFileType = image.png; path = Helicopter.png; sourceTree = "<group>"; };
		C7118B5F1A64E46D0079F42E /* Truck.png */ = {isa = PBXFileReference; lastKnownFileType = image.png; path = Truck.png; sourceTree = "<group>"; };
		C7118B601A64E46D0079F42E /* Boat.png */ = {isa = PBXFileReference; lastKnownFileType = image.png; path = Boat.png; sourceTree = "<group>"; };
		C7118B611A64E46D0079F42E /* Bicycle.png */ = {isa = PBXFileReference; lastKnownFileType = image.png; path = Bicycle.png; sourceTree = "<group>"; };
		C7118B621A64E46D0079F42E /* Motorcycle.png */ = {isa = PBXFileReference; lastKnownFileType = image.png; path = Motorcycle.png; sourceTree = "<group>"; };
		C7118B631A64E46D0079F42E /* Plane.png */ = {isa = PBXFileReference; lastKnownFileType = image.png; path = Plane.png; sourceTree = "<group>"; };
		C7118B641A64E46D0079F42E /* Train.png */ = {isa = PBXFileReference; lastKnownFileType = image.png; path = Train.png; sourceTree = "<group>"; };
		C7118B651A64E46D0079F42E /* Car.png */ = {isa = PBXFileReference; lastKnownFileType = image.png; path = Car.png; sourceTree = "<group>"; };
		C7118B661A64E46D0079F42E /* Scooter.png */ = {isa = PBXFileReference; lastKnownFileType = image.png; path = Scooter.png; sourceTree = "<group>"; };
		C7118B671A64E46D0079F42E /* Caravan.png */ = {isa = PBXFileReference; lastKnownFileType = image.png; path = Caravan.png; sourceTree = "<group>"; };
		C71DE89C1A663DB200CE2E75 /* UserOverview.swift */ = {isa = PBXFileReference; fileEncoding = 4; lastKnownFileType = sourcecode.swift; path = UserOverview.swift; sourceTree = "<group>"; };
		C71DE89E1A663DBF00CE2E75 /* UserOverview.xib */ = {isa = PBXFileReference; fileEncoding = 4; lastKnownFileType = file.xib; path = UserOverview.xib; sourceTree = "<group>"; };
		C736B8891A64842200CBC1C9 /* StyleManager.swift */ = {isa = PBXFileReference; fileEncoding = 4; lastKnownFileType = sourcecode.swift; path = StyleManager.swift; sourceTree = "<group>"; };
		C742438A1A64FB9B00EC66F9 /* TableViewCell.swift */ = {isa = PBXFileReference; fileEncoding = 4; lastKnownFileType = sourcecode.swift; path = TableViewCell.swift; sourceTree = "<group>"; };
		C74E512B65E644F3E84DE0CE /* Pods.release.xcconfig */ = {isa = PBXFileReference; includeInIndex = 1; lastKnownFileType = text.xcconfig; name = Pods.release.xcconfig; path = "Pods/Target Support Files/Pods/Pods.release.xcconfig"; sourceTree = "<group>"; };
/* End PBXFileReference section */

/* Begin PBXFrameworksBuildPhase section */
		C706D0001A63A08400E06116 /* Frameworks */ = {
			isa = PBXFrameworksBuildPhase;
			buildActionMask = 2147483647;
			files = (
				20F49C54A77AA78EC97D9EF0 /* libPods.a in Frameworks */,
			);
			runOnlyForDeploymentPostprocessing = 0;
		};
		C706D0171A63A08400E06116 /* Frameworks */ = {
			isa = PBXFrameworksBuildPhase;
			buildActionMask = 2147483647;
			files = (
				E4215F28CEF7F5FA8BE81B47 /* libPods.a in Frameworks */,
			);
			runOnlyForDeploymentPostprocessing = 0;
		};
/* End PBXFrameworksBuildPhase section */

/* Begin PBXGroup section */
		04D0D57FF4072FADE7A84B7A /* Pods */ = {
			isa = PBXGroup;
			children = (
				4C17208C5C38D5AD82189A3A /* Pods.debug.xcconfig */,
				C74E512B65E644F3E84DE0CE /* Pods.release.xcconfig */,
			);
			name = Pods;
			sourceTree = "<group>";
		};
		C70128491A65DE2500101467 /* TableViews */ = {
			isa = PBXGroup;
			children = (
				C70128431A65CDD900101467 /* OrdersTV.swift */,
				C70128451A65CF9B00101467 /* FufilledTV.swift */,
			);
			name = TableViews;
			sourceTree = "<group>";
		};
		C706CFFA1A63A08400E06116 = {
			isa = PBXGroup;
			children = (
				C706D0051A63A08400E06116 /* retailApp */,
				C706D01D1A63A08400E06116 /* retailAppTests */,
				C706D0041A63A08400E06116 /* Products */,
				04D0D57FF4072FADE7A84B7A /* Pods */,
				E4A0D92E03120A846F894AEA /* Frameworks */,
			);
			sourceTree = "<group>";
		};
		C706D0041A63A08400E06116 /* Products */ = {
			isa = PBXGroup;
			children = (
				C706D0031A63A08400E06116 /* retailApp.app */,
				C706D01A1A63A08400E06116 /* retailAppTests.xctest */,
			);
			name = Products;
			sourceTree = "<group>";
		};
		C706D0051A63A08400E06116 /* retailApp */ = {
			isa = PBXGroup;
			children = (
				C706D0081A63A08400E06116 /* AppDelegate.swift */,
				C706D00A1A63A08400E06116 /* FirstViewController.swift */,
				C706D00E1A63A08400E06116 /* Main.storyboard */,
				C7118B591A64DEA00079F42E /* GenericTableView.swift */,
				C742438A1A64FB9B00EC66F9 /* TableViewCell.swift */,
				C701284A1A65DEE900101467 /* TabBarController.swift */,
				C70128491A65DE2500101467 /* TableViews */,
				C736B8891A64842200CBC1C9 /* StyleManager.swift */,
				C706D0111A63A08400E06116 /* Images.xcassets */,
				C706D02A1A63A89500E06116 /* empty.png */,
				C7118B741A64E8120079F42E /* Images */,
				C706D0131A63A08400E06116 /* LaunchScreen.xib */,
				C706D0061A63A08400E06116 /* Supporting Files */,
				C706D02C1A63AFDB00E06116 /* retailApp-Bridging-Header.h */,
				C71DE89C1A663DB200CE2E75 /* UserOverview.swift */,
				C71DE89E1A663DBF00CE2E75 /* UserOverview.xib */,
			);
			path = retailApp;
			sourceTree = "<group>";
		};
		C706D0061A63A08400E06116 /* Supporting Files */ = {
			isa = PBXGroup;
			children = (
				C706D0371A63C40E00E06116 /* Montserrat-Regular.ttf */,
				C706D0071A63A08400E06116 /* Info.plist */,
			);
			name = "Supporting Files";
			sourceTree = "<group>";
		};
		C706D01D1A63A08400E06116 /* retailAppTests */ = {
			isa = PBXGroup;
			children = (
				C706D0201A63A08400E06116 /* retailAppTests.swift */,
				C706D01E1A63A08400E06116 /* Supporting Files */,
			);
			path = retailAppTests;
			sourceTree = "<group>";
		};
		C706D01E1A63A08400E06116 /* Supporting Files */ = {
			isa = PBXGroup;
			children = (
				C706D01F1A63A08400E06116 /* Info.plist */,
			);
			name = "Supporting Files";
			sourceTree = "<group>";
		};
		C7118B741A64E8120079F42E /* Images */ = {
			isa = PBXGroup;
			children = (
				C7118B5D1A64E46D0079F42E /* Bus.png */,
				C7118B5E1A64E46D0079F42E /* Helicopter.png */,
				C7118B5F1A64E46D0079F42E /* Truck.png */,
				C7118B601A64E46D0079F42E /* Boat.png */,
				C7118B611A64E46D0079F42E /* Bicycle.png */,
				C7118B621A64E46D0079F42E /* Motorcycle.png */,
				C7118B631A64E46D0079F42E /* Plane.png */,
				C7118B641A64E46D0079F42E /* Train.png */,
				C7118B651A64E46D0079F42E /* Car.png */,
				C7118B661A64E46D0079F42E /* Scooter.png */,
				C7118B671A64E46D0079F42E /* Caravan.png */,
			);
			name = Images;
			sourceTree = "<group>";
		};
		E4A0D92E03120A846F894AEA /* Frameworks */ = {
			isa = PBXGroup;
			children = (
				0E93020476827AE31D601D13 /* libPods.a */,
			);
			name = Frameworks;
			sourceTree = "<group>";
		};
/* End PBXGroup section */

/* Begin PBXNativeTarget section */
		C706D0021A63A08400E06116 /* retailApp */ = {
			isa = PBXNativeTarget;
			buildConfigurationList = C706D0241A63A08400E06116 /* Build configuration list for PBXNativeTarget "retailApp" */;
			buildPhases = (
				F7BCD2E5965DC21773D793C9 /* Check Pods Manifest.lock */,
				C706CFFF1A63A08400E06116 /* Sources */,
				C706D0001A63A08400E06116 /* Frameworks */,
				C706D0011A63A08400E06116 /* Resources */,
				5207C2428C69E7C166683B6F /* Copy Pods Resources */,
			);
			buildRules = (
			);
			dependencies = (
			);
			name = retailApp;
			productName = retailApp;
			productReference = C706D0031A63A08400E06116 /* retailApp.app */;
			productType = "com.apple.product-type.application";
		};
		C706D0191A63A08400E06116 /* retailAppTests */ = {
			isa = PBXNativeTarget;
			buildConfigurationList = C706D0271A63A08400E06116 /* Build configuration list for PBXNativeTarget "retailAppTests" */;
			buildPhases = (
				CD5CEBF761784D84A3E87D3F /* Check Pods Manifest.lock */,
				C706D0161A63A08400E06116 /* Sources */,
				C706D0171A63A08400E06116 /* Frameworks */,
				C706D0181A63A08400E06116 /* Resources */,
				C33D6EF17C29729C0C0055D7 /* Copy Pods Resources */,
			);
			buildRules = (
			);
			dependencies = (
				C706D01C1A63A08400E06116 /* PBXTargetDependency */,
			);
			name = retailAppTests;
			productName = retailAppTests;
			productReference = C706D01A1A63A08400E06116 /* retailAppTests.xctest */;
			productType = "com.apple.product-type.bundle.unit-test";
		};
/* End PBXNativeTarget section */

/* Begin PBXProject section */
		C706CFFB1A63A08400E06116 /* Project object */ = {
			isa = PBXProject;
			attributes = {
				LastUpgradeCheck = 0610;
				ORGANIZATIONNAME = Saul;
				TargetAttributes = {
					C706D0021A63A08400E06116 = {
						CreatedOnToolsVersion = 6.1.1;
					};
					C706D0191A63A08400E06116 = {
						CreatedOnToolsVersion = 6.1.1;
						TestTargetID = C706D0021A63A08400E06116;
					};
				};
			};
			buildConfigurationList = C706CFFE1A63A08400E06116 /* Build configuration list for PBXProject "retailApp" */;
			compatibilityVersion = "Xcode 3.2";
			developmentRegion = English;
			hasScannedForEncodings = 0;
			knownRegions = (
				en,
				Base,
			);
			mainGroup = C706CFFA1A63A08400E06116;
			productRefGroup = C706D0041A63A08400E06116 /* Products */;
			projectDirPath = "";
			projectRoot = "";
			targets = (
				C706D0021A63A08400E06116 /* retailApp */,
				C706D0191A63A08400E06116 /* retailAppTests */,
			);
		};
/* End PBXProject section */

/* Begin PBXResourcesBuildPhase section */
		C706D0011A63A08400E06116 /* Resources */ = {
			isa = PBXResourcesBuildPhase;
			buildActionMask = 2147483647;
			files = (
				C7118B6E1A64E46D0079F42E /* Plane.png in Resources */,
				C7118B6B1A64E46D0079F42E /* Boat.png in Resources */,
				C7118B701A64E46D0079F42E /* Car.png in Resources */,
				C71DE89F1A663DBF00CE2E75 /* UserOverview.xib in Resources */,
				C7118B6C1A64E46D0079F42E /* Bicycle.png in Resources */,
				C7118B6D1A64E46D0079F42E /* Motorcycle.png in Resources */,
				C7118B681A64E46D0079F42E /* Bus.png in Resources */,
				C7118B691A64E46D0079F42E /* Helicopter.png in Resources */,
				C7118B6F1A64E46D0079F42E /* Train.png in Resources */,
				C706D0381A63C78B00E06116 /* Montserrat-Regular.ttf in Resources */,
				C706D0101A63A08400E06116 /* Main.storyboard in Resources */,
				C7118B721A64E46D0079F42E /* Caravan.png in Resources */,
				C706D0151A63A08400E06116 /* LaunchScreen.xib in Resources */,
				C7118B6A1A64E46D0079F42E /* Truck.png in Resources */,
				C706D0121A63A08400E06116 /* Images.xcassets in Resources */,
				C7118B711A64E46D0079F42E /* Scooter.png in Resources */,
				C706D02B1A63A89500E06116 /* empty.png in Resources */,
			);
			runOnlyForDeploymentPostprocessing = 0;
		};
		C706D0181A63A08400E06116 /* Resources */ = {
			isa = PBXResourcesBuildPhase;
			buildActionMask = 2147483647;
			files = (
			);
			runOnlyForDeploymentPostprocessing = 0;
		};
/* End PBXResourcesBuildPhase section */

/* Begin PBXShellScriptBuildPhase section */
		5207C2428C69E7C166683B6F /* Copy Pods Resources */ = {
			isa = PBXShellScriptBuildPhase;
			buildActionMask = 2147483647;
			files = (
			);
			inputPaths = (
			);
			name = "Copy Pods Resources";
			outputPaths = (
			);
			runOnlyForDeploymentPostprocessing = 0;
			shellPath = /bin/sh;
			shellScript = "\"${SRCROOT}/Pods/Target Support Files/Pods/Pods-resources.sh\"\n";
			showEnvVarsInLog = 0;
		};
		C33D6EF17C29729C0C0055D7 /* Copy Pods Resources */ = {
			isa = PBXShellScriptBuildPhase;
			buildActionMask = 2147483647;
			files = (
			);
			inputPaths = (
			);
			name = "Copy Pods Resources";
			outputPaths = (
			);
			runOnlyForDeploymentPostprocessing = 0;
			shellPath = /bin/sh;
			shellScript = "\"${SRCROOT}/Pods/Target Support Files/Pods/Pods-resources.sh\"\n";
			showEnvVarsInLog = 0;
		};
		CD5CEBF761784D84A3E87D3F /* Check Pods Manifest.lock */ = {
			isa = PBXShellScriptBuildPhase;
			buildActionMask = 2147483647;
			files = (
			);
			inputPaths = (
			);
			name = "Check Pods Manifest.lock";
			outputPaths = (
			);
			runOnlyForDeploymentPostprocessing = 0;
			shellPath = /bin/sh;
			shellScript = "diff \"${PODS_ROOT}/../Podfile.lock\" \"${PODS_ROOT}/Manifest.lock\" > /dev/null\nif [[ $? != 0 ]] ; then\n    cat << EOM\nerror: The sandbox is not in sync with the Podfile.lock. Run 'pod install' or update your CocoaPods installation.\nEOM\n    exit 1\nfi\n";
			showEnvVarsInLog = 0;
		};
		F7BCD2E5965DC21773D793C9 /* Check Pods Manifest.lock */ = {
			isa = PBXShellScriptBuildPhase;
			buildActionMask = 2147483647;
			files = (
			);
			inputPaths = (
			);
			name = "Check Pods Manifest.lock";
			outputPaths = (
			);
			runOnlyForDeploymentPostprocessing = 0;
			shellPath = /bin/sh;
			shellScript = "diff \"${PODS_ROOT}/../Podfile.lock\" \"${PODS_ROOT}/Manifest.lock\" > /dev/null\nif [[ $? != 0 ]] ; then\n    cat << EOM\nerror: The sandbox is not in sync with the Podfile.lock. Run 'pod install' or update your CocoaPods installation.\nEOM\n    exit 1\nfi\n";
			showEnvVarsInLog = 0;
		};
/* End PBXShellScriptBuildPhase section */

/* Begin PBXSourcesBuildPhase section */
		C706CFFF1A63A08400E06116 /* Sources */ = {
			isa = PBXSourcesBuildPhase;
			buildActionMask = 2147483647;
			files = (
				C70128441A65CDD900101467 /* OrdersTV.swift in Sources */,
				C701284B1A65DEE900101467 /* TabBarController.swift in Sources */,
				C71DE89D1A663DB200CE2E75 /* UserOverview.swift in Sources */,
				C742438B1A64FB9B00EC66F9 /* TableViewCell.swift in Sources */,
				C7118B5A1A64DEA00079F42E /* GenericTableView.swift in Sources */,
				C70128461A65CF9B00101467 /* FufilledTV.swift in Sources */,
				C706D0091A63A08400E06116 /* AppDelegate.swift in Sources */,
				C706D00B1A63A08400E06116 /* FirstViewController.swift in Sources */,
				C736B88A1A64842200CBC1C9 /* StyleManager.swift in Sources */,
			);
			runOnlyForDeploymentPostprocessing = 0;
		};
		C706D0161A63A08400E06116 /* Sources */ = {
			isa = PBXSourcesBuildPhase;
			buildActionMask = 2147483647;
			files = (
				C706D0211A63A08400E06116 /* retailAppTests.swift in Sources */,
			);
			runOnlyForDeploymentPostprocessing = 0;
		};
/* End PBXSourcesBuildPhase section */

/* Begin PBXTargetDependency section */
		C706D01C1A63A08400E06116 /* PBXTargetDependency */ = {
			isa = PBXTargetDependency;
			target = C706D0021A63A08400E06116 /* retailApp */;
			targetProxy = C706D01B1A63A08400E06116 /* PBXContainerItemProxy */;
		};
/* End PBXTargetDependency section */

/* Begin PBXVariantGroup section */
		C706D00E1A63A08400E06116 /* Main.storyboard */ = {
			isa = PBXVariantGroup;
			children = (
				C706D00F1A63A08400E06116 /* Base */,
			);
			name = Main.storyboard;
			sourceTree = "<group>";
		};
		C706D0131A63A08400E06116 /* LaunchScreen.xib */ = {
			isa = PBXVariantGroup;
			children = (
				C706D0141A63A08400E06116 /* Base */,
			);
			name = LaunchScreen.xib;
			sourceTree = "<group>";
		};
/* End PBXVariantGroup section */

/* Begin XCBuildConfiguration section */
		C706D0221A63A08400E06116 /* Debug */ = {
			isa = XCBuildConfiguration;
			buildSettings = {
				ALWAYS_SEARCH_USER_PATHS = NO;
				CLANG_CXX_LANGUAGE_STANDARD = "gnu++0x";
				CLANG_CXX_LIBRARY = "libc++";
				CLANG_ENABLE_MODULES = YES;
				CLANG_ENABLE_OBJC_ARC = YES;
				CLANG_WARN_BOOL_CONVERSION = YES;
				CLANG_WARN_CONSTANT_CONVERSION = YES;
				CLANG_WARN_DIRECT_OBJC_ISA_USAGE = YES_ERROR;
				CLANG_WARN_EMPTY_BODY = YES;
				CLANG_WARN_ENUM_CONVERSION = YES;
				CLANG_WARN_INT_CONVERSION = YES;
				CLANG_WARN_OBJC_ROOT_CLASS = YES_ERROR;
				CLANG_WARN_UNREACHABLE_CODE = YES;
				CLANG_WARN__DUPLICATE_METHOD_MATCH = YES;
				"CODE_SIGN_IDENTITY[sdk=iphoneos*]" = "iPhone Developer";
				COPY_PHASE_STRIP = NO;
				ENABLE_STRICT_OBJC_MSGSEND = YES;
				GCC_C_LANGUAGE_STANDARD = gnu99;
				GCC_DYNAMIC_NO_PIC = NO;
				GCC_OPTIMIZATION_LEVEL = 0;
				GCC_PREPROCESSOR_DEFINITIONS = (
					"DEBUG=1",
					"$(inherited)",
				);
				GCC_SYMBOLS_PRIVATE_EXTERN = NO;
				GCC_WARN_64_TO_32_BIT_CONVERSION = YES;
				GCC_WARN_ABOUT_RETURN_TYPE = YES_ERROR;
				GCC_WARN_UNDECLARED_SELECTOR = YES;
				GCC_WARN_UNINITIALIZED_AUTOS = YES_AGGRESSIVE;
				GCC_WARN_UNUSED_FUNCTION = YES;
				GCC_WARN_UNUSED_VARIABLE = YES;
				IPHONEOS_DEPLOYMENT_TARGET = 8.1;
				MTL_ENABLE_DEBUG_INFO = YES;
				ONLY_ACTIVE_ARCH = YES;
				SDKROOT = iphoneos;
				SWIFT_OPTIMIZATION_LEVEL = "-Onone";
			};
			name = Debug;
		};
		C706D0231A63A08400E06116 /* Release */ = {
			isa = XCBuildConfiguration;
			buildSettings = {
				ALWAYS_SEARCH_USER_PATHS = NO;
				CLANG_CXX_LANGUAGE_STANDARD = "gnu++0x";
				CLANG_CXX_LIBRARY = "libc++";
				CLANG_ENABLE_MODULES = YES;
				CLANG_ENABLE_OBJC_ARC = YES;
				CLANG_WARN_BOOL_CONVERSION = YES;
				CLANG_WARN_CONSTANT_CONVERSION = YES;
				CLANG_WARN_DIRECT_OBJC_ISA_USAGE = YES_ERROR;
				CLANG_WARN_EMPTY_BODY = YES;
				CLANG_WARN_ENUM_CONVERSION = YES;
				CLANG_WARN_INT_CONVERSION = YES;
				CLANG_WARN_OBJC_ROOT_CLASS = YES_ERROR;
				CLANG_WARN_UNREACHABLE_CODE = YES;
				CLANG_WARN__DUPLICATE_METHOD_MATCH = YES;
				"CODE_SIGN_IDENTITY[sdk=iphoneos*]" = "iPhone Developer";
				COPY_PHASE_STRIP = YES;
				ENABLE_NS_ASSERTIONS = NO;
				ENABLE_STRICT_OBJC_MSGSEND = YES;
				GCC_C_LANGUAGE_STANDARD = gnu99;
				GCC_WARN_64_TO_32_BIT_CONVERSION = YES;
				GCC_WARN_ABOUT_RETURN_TYPE = YES_ERROR;
				GCC_WARN_UNDECLARED_SELECTOR = YES;
				GCC_WARN_UNINITIALIZED_AUTOS = YES_AGGRESSIVE;
				GCC_WARN_UNUSED_FUNCTION = YES;
				GCC_WARN_UNUSED_VARIABLE = YES;
				IPHONEOS_DEPLOYMENT_TARGET = 8.1;
				MTL_ENABLE_DEBUG_INFO = NO;
				SDKROOT = iphoneos;
				VALIDATE_PRODUCT = YES;
			};
			name = Release;
		};
		C706D0251A63A08400E06116 /* Debug */ = {
			isa = XCBuildConfiguration;
			baseConfigurationReference = 4C17208C5C38D5AD82189A3A /* Pods.debug.xcconfig */;
			buildSettings = {
				ASSETCATALOG_COMPILER_APPICON_NAME = AppIcon;
				CLANG_ENABLE_MODULES = YES;
				INFOPLIST_FILE = retailApp/Info.plist;
				LD_RUNPATH_SEARCH_PATHS = "$(inherited) @executable_path/Frameworks";
				PRODUCT_NAME = "$(TARGET_NAME)";
				SWIFT_OBJC_BRIDGING_HEADER = "retailApp/retailApp-Bridging-Header.h";
				SWIFT_OPTIMIZATION_LEVEL = "-Onone";
			};
			name = Debug;
		};
		C706D0261A63A08400E06116 /* Release */ = {
			isa = XCBuildConfiguration;
			baseConfigurationReference = C74E512B65E644F3E84DE0CE /* Pods.release.xcconfig */;
			buildSettings = {
				ASSETCATALOG_COMPILER_APPICON_NAME = AppIcon;
				CLANG_ENABLE_MODULES = YES;
				INFOPLIST_FILE = retailApp/Info.plist;
				LD_RUNPATH_SEARCH_PATHS = "$(inherited) @executable_path/Frameworks";
				PRODUCT_NAME = "$(TARGET_NAME)";
				SWIFT_OBJC_BRIDGING_HEADER = "retailApp/retailApp-Bridging-Header.h";
			};
			name = Release;
		};
		C706D0281A63A08400E06116 /* Debug */ = {
			isa = XCBuildConfiguration;
			baseConfigurationReference = 4C17208C5C38D5AD82189A3A /* Pods.debug.xcconfig */;
			buildSettings = {
				BUNDLE_LOADER = "$(TEST_HOST)";
				FRAMEWORK_SEARCH_PATHS = (
					"$(SDKROOT)/Developer/Library/Frameworks",
					"$(inherited)",
				);
				GCC_PREPROCESSOR_DEFINITIONS = (
					"DEBUG=1",
					"$(inherited)",
				);
				INFOPLIST_FILE = retailAppTests/Info.plist;
				LD_RUNPATH_SEARCH_PATHS = "$(inherited) @executable_path/Frameworks @loader_path/Frameworks";
				PRODUCT_NAME = "$(TARGET_NAME)";
				TEST_HOST = "$(BUILT_PRODUCTS_DIR)/retailApp.app/retailApp";
			};
			name = Debug;
		};
		C706D0291A63A08400E06116 /* Release */ = {
			isa = XCBuildConfiguration;
			baseConfigurationReference = C74E512B65E644F3E84DE0CE /* Pods.release.xcconfig */;
			buildSettings = {
				BUNDLE_LOADER = "$(TEST_HOST)";
				FRAMEWORK_SEARCH_PATHS = (
					"$(SDKROOT)/Developer/Library/Frameworks",
					"$(inherited)",
				);
				INFOPLIST_FILE = retailAppTests/Info.plist;
				LD_RUNPATH_SEARCH_PATHS = "$(inherited) @executable_path/Frameworks @loader_path/Frameworks";
				PRODUCT_NAME = "$(TARGET_NAME)";
				TEST_HOST = "$(BUILT_PRODUCTS_DIR)/retailApp.app/retailApp";
			};
			name = Release;
		};
/* End XCBuildConfiguration section */

/* Begin XCConfigurationList section */
		C706CFFE1A63A08400E06116 /* Build configuration list for PBXProject "retailApp" */ = {
			isa = XCConfigurationList;
			buildConfigurations = (
				C706D0221A63A08400E06116 /* Debug */,
				C706D0231A63A08400E06116 /* Release */,
			);
			defaultConfigurationIsVisible = 0;
			defaultConfigurationName = Release;
		};
		C706D0241A63A08400E06116 /* Build configuration list for PBXNativeTarget "retailApp" */ = {
			isa = XCConfigurationList;
			buildConfigurations = (
				C706D0251A63A08400E06116 /* Debug */,
				C706D0261A63A08400E06116 /* Release */,
			);
			defaultConfigurationIsVisible = 0;
			defaultConfigurationName = Release;
		};
		C706D0271A63A08400E06116 /* Build configuration list for PBXNativeTarget "retailAppTests" */ = {
			isa = XCConfigurationList;
			buildConfigurations = (
				C706D0281A63A08400E06116 /* Debug */,
				C706D0291A63A08400E06116 /* Release */,
			);
			defaultConfigurationIsVisible = 0;
			defaultConfigurationName = Release;
		};
/* End XCConfigurationList section */
	};
	rootObject = C706CFFB1A63A08400E06116 /* Project object */;
}
