// !$*UTF8*$!
{
	archiveVersion = 1;
	classes = {
	};
	objectVersion = 46;
	objects = {

/* Begin PBXBuildFile section */
		C706D0091A63A08400E06116 /* AppDelegate.swift in Sources */ = {isa = PBXBuildFile; fileRef = C706D0081A63A08400E06116 /* AppDelegate.swift */; };
		C706D00B1A63A08400E06116 /* FirstViewController.swift in Sources */ = {isa = PBXBuildFile; fileRef = C706D00A1A63A08400E06116 /* FirstViewController.swift */; };
		C706D00D1A63A08400E06116 /* SecondViewController.swift in Sources */ = {isa = PBXBuildFile; fileRef = C706D00C1A63A08400E06116 /* SecondViewController.swift */; };
		C706D0101A63A08400E06116 /* Main.storyboard in Resources */ = {isa = PBXBuildFile; fileRef = C706D00E1A63A08400E06116 /* Main.storyboard */; };
		C706D0121A63A08400E06116 /* Images.xcassets in Resources */ = {isa = PBXBuildFile; fileRef = C706D0111A63A08400E06116 /* Images.xcassets */; };
		C706D0151A63A08400E06116 /* LaunchScreen.xib in Resources */ = {isa = PBXBuildFile; fileRef = C706D0131A63A08400E06116 /* LaunchScreen.xib */; };
		C706D0211A63A08400E06116 /* retailAppTests.swift in Sources */ = {isa = PBXBuildFile; fileRef = C706D0201A63A08400E06116 /* retailAppTests.swift */; };
		C706D02B1A63A89500E06116 /* empty.png in Resources */ = {isa = PBXBuildFile; fileRef = C706D02A1A63A89500E06116 /* empty.png */; };
		C706D0331A63AFDC00E06116 /* BEMCircle.m in Sources */ = {isa = PBXBuildFile; fileRef = C706D02E1A63AFDC00E06116 /* BEMCircle.m */; };
		C706D0341A63AFDC00E06116 /* BEMLine.m in Sources */ = {isa = PBXBuildFile; fileRef = C706D0301A63AFDC00E06116 /* BEMLine.m */; };
		C706D0351A63AFDC00E06116 /* BEMSimpleLineGraphView.m in Sources */ = {isa = PBXBuildFile; fileRef = C706D0321A63AFDC00E06116 /* BEMSimpleLineGraphView.m */; };
/* End PBXBuildFile section */

/* Begin PBXContainerItemProxy section */
		C706D01B1A63A08400E06116 /* PBXContainerItemProxy */ = {
			isa = PBXContainerItemProxy;
			containerPortal = C706CFFB1A63A08400E06116 /* Project object */;
			proxyType = 1;
			remoteGlobalIDString = C706D0021A63A08400E06116;
			remoteInfo = retailApp;
		};
/* End PBXContainerItemProxy section */

/* Begin PBXFileReference section */
		C706D0031A63A08400E06116 /* retailApp.app */ = {isa = PBXFileReference; explicitFileType = wrapper.application; includeInIndex = 0; path = retailApp.app; sourceTree = BUILT_PRODUCTS_DIR; };
		C706D0071A63A08400E06116 /* Info.plist */ = {isa = PBXFileReference; lastKnownFileType = text.plist.xml; path = Info.plist; sourceTree = "<group>"; };
		C706D0081A63A08400E06116 /* AppDelegate.swift */ = {isa = PBXFileReference; lastKnownFileType = sourcecode.swift; path = AppDelegate.swift; sourceTree = "<group>"; };
		C706D00A1A63A08400E06116 /* FirstViewController.swift */ = {isa = PBXFileReference; lastKnownFileType = sourcecode.swift; path = FirstViewController.swift; sourceTree = "<group>"; };
		C706D00C1A63A08400E06116 /* SecondViewController.swift */ = {isa = PBXFileReference; lastKnownFileType = sourcecode.swift; path = SecondViewController.swift; sourceTree = "<group>"; };
		C706D00F1A63A08400E06116 /* Base */ = {isa = PBXFileReference; lastKnownFileType = file.storyboard; name = Base; path = Base.lproj/Main.storyboard; sourceTree = "<group>"; };
		C706D0111A63A08400E06116 /* Images.xcassets */ = {isa = PBXFileReference; lastKnownFileType = folder.assetcatalog; path = Images.xcassets; sourceTree = "<group>"; };
		C706D0141A63A08400E06116 /* Base */ = {isa = PBXFileReference; lastKnownFileType = file.xib; name = Base; path = Base.lproj/LaunchScreen.xib; sourceTree = "<group>"; };
		C706D01A1A63A08400E06116 /* retailAppTests.xctest */ = {isa = PBXFileReference; explicitFileType = wrapper.cfbundle; includeInIndex = 0; path = retailAppTests.xctest; sourceTree = BUILT_PRODUCTS_DIR; };
		C706D01F1A63A08400E06116 /* Info.plist */ = {isa = PBXFileReference; lastKnownFileType = text.plist.xml; path = Info.plist; sourceTree = "<group>"; };
		C706D0201A63A08400E06116 /* retailAppTests.swift */ = {isa = PBXFileReference; lastKnownFileType = sourcecode.swift; path = retailAppTests.swift; sourceTree = "<group>"; };
		C706D02A1A63A89500E06116 /* empty.png */ = {isa = PBXFileReference; lastKnownFileType = image.png; path = empty.png; sourceTree = "<group>"; };
		C706D02C1A63AFDB00E06116 /* retailApp-Bridging-Header.h */ = {isa = PBXFileReference; lastKnownFileType = sourcecode.c.h; path = "retailApp-Bridging-Header.h"; sourceTree = "<group>"; };
		C706D02D1A63AFDC00E06116 /* BEMCircle.h */ = {isa = PBXFileReference; fileEncoding = 4; lastKnownFileType = sourcecode.c.h; path = BEMCircle.h; sourceTree = "<group>"; };
		C706D02E1A63AFDC00E06116 /* BEMCircle.m */ = {isa = PBXFileReference; fileEncoding = 4; lastKnownFileType = sourcecode.c.objc; path = BEMCircle.m; sourceTree = "<group>"; };
		C706D02F1A63AFDC00E06116 /* BEMLine.h */ = {isa = PBXFileReference; fileEncoding = 4; lastKnownFileType = sourcecode.c.h; path = BEMLine.h; sourceTree = "<group>"; };
		C706D0301A63AFDC00E06116 /* BEMLine.m */ = {isa = PBXFileReference; fileEncoding = 4; lastKnownFileType = sourcecode.c.objc; path = BEMLine.m; sourceTree = "<group>"; };
		C706D0311A63AFDC00E06116 /* BEMSimpleLineGraphView.h */ = {isa = PBXFileReference; fileEncoding = 4; lastKnownFileType = sourcecode.c.h; path = BEMSimpleLineGraphView.h; sourceTree = "<group>"; };
		C706D0321A63AFDC00E06116 /* BEMSimpleLineGraphView.m */ = {isa = PBXFileReference; fileEncoding = 4; lastKnownFileType = sourcecode.c.objc; path = BEMSimpleLineGraphView.m; sourceTree = "<group>"; };
/* End PBXFileReference section */

/* Begin PBXFrameworksBuildPhase section */
		C706D0001A63A08400E06116 /* Frameworks */ = {
			isa = PBXFrameworksBuildPhase;
			buildActionMask = 2147483647;
			files = (
			);
			runOnlyForDeploymentPostprocessing = 0;
		};
		C706D0171A63A08400E06116 /* Frameworks */ = {
			isa = PBXFrameworksBuildPhase;
			buildActionMask = 2147483647;
			files = (
			);
			runOnlyForDeploymentPostprocessing = 0;
		};
/* End PBXFrameworksBuildPhase section */

/* Begin PBXGroup section */
		C706CFFA1A63A08400E06116 = {
			isa = PBXGroup;
			children = (
				C706D0051A63A08400E06116 /* retailApp */,
				C706D01D1A63A08400E06116 /* retailAppTests */,
				C706D0041A63A08400E06116 /* Products */,
			);
			sourceTree = "<group>";
		};
		C706D0041A63A08400E06116 /* Products */ = {
			isa = PBXGroup;
			children = (
				C706D0031A63A08400E06116 /* retailApp.app */,
				C706D01A1A63A08400E06116 /* retailAppTests.xctest */,
			);
			name = Products;
			sourceTree = "<group>";
		};
		C706D0051A63A08400E06116 /* retailApp */ = {
			isa = PBXGroup;
			children = (
				C706D0081A63A08400E06116 /* AppDelegate.swift */,
				C706D00A1A63A08400E06116 /* FirstViewController.swift */,
				C706D00C1A63A08400E06116 /* SecondViewController.swift */,
				C706D0361A63AFE200E06116 /* LineGraph */,
				C706D00E1A63A08400E06116 /* Main.storyboard */,
				C706D0111A63A08400E06116 /* Images.xcassets */,
				C706D02A1A63A89500E06116 /* empty.png */,
				C706D0131A63A08400E06116 /* LaunchScreen.xib */,
				C706D0061A63A08400E06116 /* Supporting Files */,
				C706D02C1A63AFDB00E06116 /* retailApp-Bridging-Header.h */,
			);
			path = retailApp;
			sourceTree = "<group>";
		};
		C706D0061A63A08400E06116 /* Supporting Files */ = {
			isa = PBXGroup;
			children = (
				C706D0071A63A08400E06116 /* Info.plist */,
			);
			name = "Supporting Files";
			sourceTree = "<group>";
		};
		C706D01D1A63A08400E06116 /* retailAppTests */ = {
			isa = PBXGroup;
			children = (
				C706D0201A63A08400E06116 /* retailAppTests.swift */,
				C706D01E1A63A08400E06116 /* Supporting Files */,
			);
			path = retailAppTests;
			sourceTree = "<group>";
		};
		C706D01E1A63A08400E06116 /* Supporting Files */ = {
			isa = PBXGroup;
			children = (
				C706D01F1A63A08400E06116 /* Info.plist */,
			);
			name = "Supporting Files";
			sourceTree = "<group>";
		};
		C706D0361A63AFE200E06116 /* LineGraph */ = {
			isa = PBXGroup;
			children = (
				C706D02D1A63AFDC00E06116 /* BEMCircle.h */,
				C706D02E1A63AFDC00E06116 /* BEMCircle.m */,
				C706D02F1A63AFDC00E06116 /* BEMLine.h */,
				C706D0301A63AFDC00E06116 /* BEMLine.m */,
				C706D0311A63AFDC00E06116 /* BEMSimpleLineGraphView.h */,
				C706D0321A63AFDC00E06116 /* BEMSimpleLineGraphView.m */,
			);
			name = LineGraph;
			sourceTree = "<group>";
		};
/* End PBXGroup section */

/* Begin PBXNativeTarget section */
		C706D0021A63A08400E06116 /* retailApp */ = {
			isa = PBXNativeTarget;
			buildConfigurationList = C706D0241A63A08400E06116 /* Build configuration list for PBXNativeTarget "retailApp" */;
			buildPhases = (
				C706CFFF1A63A08400E06116 /* Sources */,
				C706D0001A63A08400E06116 /* Frameworks */,
				C706D0011A63A08400E06116 /* Resources */,
			);
			buildRules = (
			);
			dependencies = (
			);
			name = retailApp;
			productName = retailApp;
			productReference = C706D0031A63A08400E06116 /* retailApp.app */;
			productType = "com.apple.product-type.application";
		};
		C706D0191A63A08400E06116 /* retailAppTests */ = {
			isa = PBXNativeTarget;
			buildConfigurationList = C706D0271A63A08400E06116 /* Build configuration list for PBXNativeTarget "retailAppTests" */;
			buildPhases = (
				C706D0161A63A08400E06116 /* Sources */,
				C706D0171A63A08400E06116 /* Frameworks */,
				C706D0181A63A08400E06116 /* Resources */,
			);
			buildRules = (
			);
			dependencies = (
				C706D01C1A63A08400E06116 /* PBXTargetDependency */,
			);
			name = retailAppTests;
			productName = retailAppTests;
			productReference = C706D01A1A63A08400E06116 /* retailAppTests.xctest */;
			productType = "com.apple.product-type.bundle.unit-test";
		};
/* End PBXNativeTarget section */

/* Begin PBXProject section */
		C706CFFB1A63A08400E06116 /* Project object */ = {
			isa = PBXProject;
			attributes = {
				LastUpgradeCheck = 0610;
				ORGANIZATIONNAME = Saul;
				TargetAttributes = {
					C706D0021A63A08400E06116 = {
						CreatedOnToolsVersion = 6.1.1;
					};
					C706D0191A63A08400E06116 = {
						CreatedOnToolsVersion = 6.1.1;
						TestTargetID = C706D0021A63A08400E06116;
					};
				};
			};
			buildConfigurationList = C706CFFE1A63A08400E06116 /* Build configuration list for PBXProject "retailApp" */;
			compatibilityVersion = "Xcode 3.2";
			developmentRegion = English;
			hasScannedForEncodings = 0;
			knownRegions = (
				en,
				Base,
			);
			mainGroup = C706CFFA1A63A08400E06116;
			productRefGroup = C706D0041A63A08400E06116 /* Products */;
			projectDirPath = "";
			projectRoot = "";
			targets = (
				C706D0021A63A08400E06116 /* retailApp */,
				C706D0191A63A08400E06116 /* retailAppTests */,
			);
		};
/* End PBXProject section */

/* Begin PBXResourcesBuildPhase section */
		C706D0011A63A08400E06116 /* Resources */ = {
			isa = PBXResourcesBuildPhase;
			buildActionMask = 2147483647;
			files = (
				C706D0101A63A08400E06116 /* Main.storyboard in Resources */,
				C706D0151A63A08400E06116 /* LaunchScreen.xib in Resources */,
				C706D0121A63A08400E06116 /* Images.xcassets in Resources */,
				C706D02B1A63A89500E06116 /* empty.png in Resources */,
			);
			runOnlyForDeploymentPostprocessing = 0;
		};
		C706D0181A63A08400E06116 /* Resources */ = {
			isa = PBXResourcesBuildPhase;
			buildActionMask = 2147483647;
			files = (
			);
			runOnlyForDeploymentPostprocessing = 0;
		};
/* End PBXResourcesBuildPhase section */

/* Begin PBXSourcesBuildPhase section */
		C706CFFF1A63A08400E06116 /* Sources */ = {
			isa = PBXSourcesBuildPhase;
			buildActionMask = 2147483647;
			files = (
				C706D0341A63AFDC00E06116 /* BEMLine.m in Sources */,
				C706D0331A63AFDC00E06116 /* BEMCircle.m in Sources */,
				C706D0351A63AFDC00E06116 /* BEMSimpleLineGraphView.m in Sources */,
				C706D00D1A63A08400E06116 /* SecondViewController.swift in Sources */,
				C706D0091A63A08400E06116 /* AppDelegate.swift in Sources */,
				C706D00B1A63A08400E06116 /* FirstViewController.swift in Sources */,
			);
			runOnlyForDeploymentPostprocessing = 0;
		};
		C706D0161A63A08400E06116 /* Sources */ = {
			isa = PBXSourcesBuildPhase;
			buildActionMask = 2147483647;
			files = (
				C706D0211A63A08400E06116 /* retailAppTests.swift in Sources */,
			);
			runOnlyForDeploymentPostprocessing = 0;
		};
/* End PBXSourcesBuildPhase section */

/* Begin PBXTargetDependency section */
		C706D01C1A63A08400E06116 /* PBXTargetDependency */ = {
			isa = PBXTargetDependency;
			target = C706D0021A63A08400E06116 /* retailApp */;
			targetProxy = C706D01B1A63A08400E06116 /* PBXContainerItemProxy */;
		};
/* End PBXTargetDependency section */

/* Begin PBXVariantGroup section */
		C706D00E1A63A08400E06116 /* Main.storyboard */ = {
			isa = PBXVariantGroup;
			children = (
				C706D00F1A63A08400E06116 /* Base */,
			);
			name = Main.storyboard;
			sourceTree = "<group>";
		};
		C706D0131A63A08400E06116 /* LaunchScreen.xib */ = {
			isa = PBXVariantGroup;
			children = (
				C706D0141A63A08400E06116 /* Base */,
			);
			name = LaunchScreen.xib;
			sourceTree = "<group>";
		};
/* End PBXVariantGroup section */

/* Begin XCBuildConfiguration section */
		C706D0221A63A08400E06116 /* Debug */ = {
			isa = XCBuildConfiguration;
			buildSettings = {
				ALWAYS_SEARCH_USER_PATHS = NO;
				CLANG_CXX_LANGUAGE_STANDARD = "gnu++0x";
				CLANG_CXX_LIBRARY = "libc++";
				CLANG_ENABLE_MODULES = YES;
				CLANG_ENABLE_OBJC_ARC = YES;
				CLANG_WARN_BOOL_CONVERSION = YES;
				CLANG_WARN_CONSTANT_CONVERSION = YES;
				CLANG_WARN_DIRECT_OBJC_ISA_USAGE = YES_ERROR;
				CLANG_WARN_EMPTY_BODY = YES;
				CLANG_WARN_ENUM_CONVERSION = YES;
				CLANG_WARN_INT_CONVERSION = YES;
				CLANG_WARN_OBJC_ROOT_CLASS = YES_ERROR;
				CLANG_WARN_UNREACHABLE_CODE = YES;
				CLANG_WARN__DUPLICATE_METHOD_MATCH = YES;
				"CODE_SIGN_IDENTITY[sdk=iphoneos*]" = "iPhone Developer";
				COPY_PHASE_STRIP = NO;
				ENABLE_STRICT_OBJC_MSGSEND = YES;
				GCC_C_LANGUAGE_STANDARD = gnu99;
				GCC_DYNAMIC_NO_PIC = NO;
				GCC_OPTIMIZATION_LEVEL = 0;
				GCC_PREPROCESSOR_DEFINITIONS = (
					"DEBUG=1",
					"$(inherited)",
				);
				GCC_SYMBOLS_PRIVATE_EXTERN = NO;
				GCC_WARN_64_TO_32_BIT_CONVERSION = YES;
				GCC_WARN_ABOUT_RETURN_TYPE = YES_ERROR;
				GCC_WARN_UNDECLARED_SELECTOR = YES;
				GCC_WARN_UNINITIALIZED_AUTOS = YES_AGGRESSIVE;
				GCC_WARN_UNUSED_FUNCTION = YES;
				GCC_WARN_UNUSED_VARIABLE = YES;
				IPHONEOS_DEPLOYMENT_TARGET = 8.1;
				MTL_ENABLE_DEBUG_INFO = YES;
				ONLY_ACTIVE_ARCH = YES;
				SDKROOT = iphoneos;
				SWIFT_OPTIMIZATION_LEVEL = "-Onone";
			};
			name = Debug;
		};
		C706D0231A63A08400E06116 /* Release */ = {
			isa = XCBuildConfiguration;
			buildSettings = {
				ALWAYS_SEARCH_USER_PATHS = NO;
				CLANG_CXX_LANGUAGE_STANDARD = "gnu++0x";
				CLANG_CXX_LIBRARY = "libc++";
				CLANG_ENABLE_MODULES = YES;
				CLANG_ENABLE_OBJC_ARC = YES;
				CLANG_WARN_BOOL_CONVERSION = YES;
				CLANG_WARN_CONSTANT_CONVERSION = YES;
				CLANG_WARN_DIRECT_OBJC_ISA_USAGE = YES_ERROR;
				CLANG_WARN_EMPTY_BODY = YES;
				CLANG_WARN_ENUM_CONVERSION = YES;
				CLANG_WARN_INT_CONVERSION = YES;
				CLANG_WARN_OBJC_ROOT_CLASS = YES_ERROR;
				CLANG_WARN_UNREACHABLE_CODE = YES;
				CLANG_WARN__DUPLICATE_METHOD_MATCH = YES;
				"CODE_SIGN_IDENTITY[sdk=iphoneos*]" = "iPhone Developer";
				COPY_PHASE_STRIP = YES;
				ENABLE_NS_ASSERTIONS = NO;
				ENABLE_STRICT_OBJC_MSGSEND = YES;
				GCC_C_LANGUAGE_STANDARD = gnu99;
				GCC_WARN_64_TO_32_BIT_CONVERSION = YES;
				GCC_WARN_ABOUT_RETURN_TYPE = YES_ERROR;
				GCC_WARN_UNDECLARED_SELECTOR = YES;
				GCC_WARN_UNINITIALIZED_AUTOS = YES_AGGRESSIVE;
				GCC_WARN_UNUSED_FUNCTION = YES;
				GCC_WARN_UNUSED_VARIABLE = YES;
				IPHONEOS_DEPLOYMENT_TARGET = 8.1;
				MTL_ENABLE_DEBUG_INFO = NO;
				SDKROOT = iphoneos;
				VALIDATE_PRODUCT = YES;
			};
			name = Release;
		};
		C706D0251A63A08400E06116 /* Debug */ = {
			isa = XCBuildConfiguration;
			buildSettings = {
				ASSETCATALOG_COMPILER_APPICON_NAME = AppIcon;
				CLANG_ENABLE_MODULES = YES;
				INFOPLIST_FILE = retailApp/Info.plist;
				LD_RUNPATH_SEARCH_PATHS = "$(inherited) @executable_path/Frameworks";
				PRODUCT_NAME = "$(TARGET_NAME)";
				SWIFT_OBJC_BRIDGING_HEADER = "retailApp/retailApp-Bridging-Header.h";
				SWIFT_OPTIMIZATION_LEVEL = "-Onone";
			};
			name = Debug;
		};
		C706D0261A63A08400E06116 /* Release */ = {
			isa = XCBuildConfiguration;
			buildSettings = {
				ASSETCATALOG_COMPILER_APPICON_NAME = AppIcon;
				CLANG_ENABLE_MODULES = YES;
				INFOPLIST_FILE = retailApp/Info.plist;
				LD_RUNPATH_SEARCH_PATHS = "$(inherited) @executable_path/Frameworks";
				PRODUCT_NAME = "$(TARGET_NAME)";
				SWIFT_OBJC_BRIDGING_HEADER = "retailApp/retailApp-Bridging-Header.h";
			};
			name = Release;
		};
		C706D0281A63A08400E06116 /* Debug */ = {
			isa = XCBuildConfiguration;
			buildSettings = {
				BUNDLE_LOADER = "$(TEST_HOST)";
				FRAMEWORK_SEARCH_PATHS = (
					"$(SDKROOT)/Developer/Library/Frameworks",
					"$(inherited)",
				);
				GCC_PREPROCESSOR_DEFINITIONS = (
					"DEBUG=1",
					"$(inherited)",
				);
				INFOPLIST_FILE = retailAppTests/Info.plist;
				LD_RUNPATH_SEARCH_PATHS = "$(inherited) @executable_path/Frameworks @loader_path/Frameworks";
				PRODUCT_NAME = "$(TARGET_NAME)";
				TEST_HOST = "$(BUILT_PRODUCTS_DIR)/retailApp.app/retailApp";
			};
			name = Debug;
		};
		C706D0291A63A08400E06116 /* Release */ = {
			isa = XCBuildConfiguration;
			buildSettings = {
				BUNDLE_LOADER = "$(TEST_HOST)";
				FRAMEWORK_SEARCH_PATHS = (
					"$(SDKROOT)/Developer/Library/Frameworks",
					"$(inherited)",
				);
				INFOPLIST_FILE = retailAppTests/Info.plist;
				LD_RUNPATH_SEARCH_PATHS = "$(inherited) @executable_path/Frameworks @loader_path/Frameworks";
				PRODUCT_NAME = "$(TARGET_NAME)";
				TEST_HOST = "$(BUILT_PRODUCTS_DIR)/retailApp.app/retailApp";
			};
			name = Release;
		};
/* End XCBuildConfiguration section */

/* Begin XCConfigurationList section */
		C706CFFE1A63A08400E06116 /* Build configuration list for PBXProject "retailApp" */ = {
			isa = XCConfigurationList;
			buildConfigurations = (
				C706D0221A63A08400E06116 /* Debug */,
				C706D0231A63A08400E06116 /* Release */,
			);
			defaultConfigurationIsVisible = 0;
			defaultConfigurationName = Release;
		};
		C706D0241A63A08400E06116 /* Build configuration list for PBXNativeTarget "retailApp" */ = {
			isa = XCConfigurationList;
			buildConfigurations = (
				C706D0251A63A08400E06116 /* Debug */,
				C706D0261A63A08400E06116 /* Release */,
			);
			defaultConfigurationIsVisible = 0;
		};
		C706D0271A63A08400E06116 /* Build configuration list for PBXNativeTarget "retailAppTests" */ = {
			isa = XCConfigurationList;
			buildConfigurations = (
				C706D0281A63A08400E06116 /* Debug */,
				C706D0291A63A08400E06116 /* Release */,
			);
			defaultConfigurationIsVisible = 0;
		};
/* End XCConfigurationList section */
	};
	rootObject = C706CFFB1A63A08400E06116 /* Project object */;
}
